{
  "nodes": {
    "LD-mkdir-src": {
      "flake": false,
      "locked": {
        "lastModified": 1754939135,
        "narHash": "sha256-clep5U5swfPrfpexlZcdvFvVh9SE6++J8NjYZ8L31B8=",
        "owner": "hello-corporation",
        "repo": "LD-mkdir",
        "rev": "4de0a982ae480031171459a2b75d1bddf8030c65",
        "type": "github"
      },
      "original": {
        "owner": "hello-corporation",
        "repo": "LD-mkdir",
        "type": "github"
      }
    },
    "LD-rmdir-src": {
      "flake": false,
      "locked": {
        "lastModified": 1754946261,
        "narHash": "sha256-JmKnZKVEjZ2SWxBclyXPs7QixHeMTKNl9ccSVDdwAIs=",
        "owner": "hello-corporation",
        "repo": "LD-rmdir",
        "rev": "de9f4078fef88341103cedf5fb95f854d9396cf4",
        "type": "github"
      },
      "original": {
        "owner": "hello-corporation",
        "repo": "LD-rmdir",
        "type": "github"
      }
    },
    "LD-src": {
      "flake": false,
      "locked": {
        "lastModified": 1754938258,
        "narHash": "sha256-/a4E/kJVd87PfTTaEwE7r3nUrzGGnEwdZroN2CzLXTk=",
        "owner": "hello-corporation",
        "repo": "LD",
        "rev": "52998e392b2983a9597413159404969870a32fd5",
        "type": "github"
      },
      "original": {
        "owner": "hello-corporation",
        "repo": "LD",
        "type": "github"
      }
    },
    "flake-compat": {
      "flake": false,
      "locked": {
        "lastModified": 1747046372,
        "narHash": "sha256-CIVLLkVgvHYbgI2UpXvIIBJ12HWgX+fjA8Xf8PUmqCY=",
        "owner": "edolstra",
        "repo": "flake-compat",
        "rev": "9100a0f413b0c601e0533d1d94ffd501ce2e7885",
        "type": "github"
      },
      "original": {
        "owner": "edolstra",
        "repo": "flake-compat",
        "type": "github"
      }
    },
    "home-manager": {
      "inputs": {
        "nixpkgs": [
          "nixpkgs"
        ]
      },
      "locked": {
        "lastModified": 1754924470,
        "narHash": "sha256-asI/or9AcUMydwzodCgpHGytnMSNUlciw3uaycpXm4E=",
        "owner": "nix-community",
        "repo": "home-manager",
        "rev": "67393957c27b4e4c6c48a60108a201413ced7800",
        "type": "github"
      },
      "original": {
        "owner": "nix-community",
        "repo": "home-manager",
        "type": "github"
      }
    },
    "nix-LD": {
      "inputs": {
        "LD-mkdir-src": "LD-mkdir-src",
        "LD-rmdir-src": "LD-rmdir-src",
        "LD-src": "LD-src",
        "nixpkgs": [
          "nixpkgs"
        ]
      },
      "locked": {
        "lastModified": 1754947203,
        "narHash": "sha256-oIQJ0B8hq1hsCjvm63xSHbVXQpGqR3E6OsJInIeJ9F8=",
        "owner": "doubleunix",
        "repo": "nix-LD",
        "rev": "678991dac3de48711eca578e0dc3d93ed0314556",
        "type": "github"
      },
      "original": {
        "owner": "doubleunix",
        "repo": "nix-LD",
        "type": "github"
      }
    },
    "nix-python": {
      "inputs": {
        "nixpkgs": [
          "nixpkgs"
        ]
      },
      "locked": {
        "lastModified": 1754907807,
        "narHash": "sha256-eyE6ecGnAbgSPaOIwyQArANR3T3AccG73jJA0TcGBrY=",
        "owner": "doubleunix",
        "repo": "nix-python",
        "rev": "e7c910991af3206a8fe28f5d115f0eba540d2179",
        "type": "github"
      },
      "original": {
        "owner": "doubleunix",
        "repo": "nix-python",
        "type": "github"
      }
    },
    "nixos-wsl": {
      "inputs": {
        "flake-compat": "flake-compat",
        "nixpkgs": [
          "nixpkgs"
        ]
      },
      "locked": {
        "lastModified": 1754944986,
        "narHash": "sha256-g2SOagAYw8bGxmOQRdrdjhpNTWmSuXEAGWyrYqxqi8Q=",
        "owner": "nix-community",
        "repo": "NixOS-WSL",
        "rev": "bb5971d6bff4bcfe505b9348e66a78048a3ccedf",
        "type": "github"
      },
      "original": {
        "owner": "nix-community",
        "repo": "NixOS-WSL",
        "type": "github"
      }
    },
    "nixpkgs": {
      "locked": {
        "lastModified": 1754725699,
        "narHash": "sha256-iAcj9T/Y+3DBy2J0N+yF9XQQQ8IEb5swLFzs23CdP88=",
        "owner": "NixOS",
        "repo": "nixpkgs",
        "rev": "85dbfc7aaf52ecb755f87e577ddbe6dbbdbc1054",
        "type": "github"
      },
      "original": {
        "owner": "NixOS",
        "ref": "nixos-unstable",
        "repo": "nixpkgs",
        "type": "github"
      }
    },
    "root": {
      "inputs": {
        "home-manager": "home-manager",
        "nix-LD": "nix-LD",
        "nix-python": "nix-python",
        "nixos-wsl": "nixos-wsl",
        "nixpkgs": "nixpkgs"
      }
    }
  },
  "root": "root",
  "version": 7
}
