{
  "nodes": {
    "LD-mkdir-src": {
      "flake": false,
      "locked": {
        "lastModified": 1754939135,
        "narHash": "sha256-clep5U5swfPrfpexlZcdvFvVh9SE6++J8NjYZ8L31B8=",
        "owner": "hello-corporation",
        "repo": "LD-mkdir",
        "rev": "4de0a982ae480031171459a2b75d1bddf8030c65",
        "type": "github"
      },
      "original": {
        "owner": "hello-corporation",
        "repo": "LD-mkdir",
        "type": "github"
      }
    },
    "LD-rmdir-src": {
      "flake": false,
      "locked": {
        "lastModified": 1754947427,
        "narHash": "sha256-HEsoJW/gqap2UCYbJP3f/DUYUBGC49yClYqzAdtnDSU=",
        "owner": "hello-corporation",
        "repo": "LD-rmdir",
        "rev": "c2444f509db4be0f7f35a2f7a452298587487af2",
        "type": "github"
      },
      "original": {
        "owner": "hello-corporation",
        "repo": "LD-rmdir",
        "type": "github"
      }
    },
    "LD-src": {
      "flake": false,
      "locked": {
        "lastModified": 1754938258,
        "narHash": "sha256-/a4E/kJVd87PfTTaEwE7r3nUrzGGnEwdZroN2CzLXTk=",
        "owner": "hello-corporation",
        "repo": "LD",
        "rev": "52998e392b2983a9597413159404969870a32fd5",
        "type": "github"
      },
      "original": {
        "owner": "hello-corporation",
        "repo": "LD",
        "type": "github"
      }
    },
    "flake-compat": {
      "flake": false,
      "locked": {
        "lastModified": 1747046372,
        "narHash": "sha256-CIVLLkVgvHYbgI2UpXvIIBJ12HWgX+fjA8Xf8PUmqCY=",
        "owner": "edolstra",
        "repo": "flake-compat",
        "rev": "9100a0f413b0c601e0533d1d94ffd501ce2e7885",
        "type": "github"
      },
      "original": {
        "owner": "edolstra",
        "repo": "flake-compat",
        "type": "github"
      }
    },
    "home-manager": {
      "inputs": {
        "nixpkgs": [
          "nixpkgs"
        ]
      },
      "locked": {
        "lastModified": 1755442500,
        "narHash": "sha256-RHK4H6SWzkAtW/5WBHsyugaXJX25yr5y7FAZznxcBJs=",
        "owner": "nix-community",
        "repo": "home-manager",
        "rev": "d2ffdedfc39c591367b1ddf22b4ce107f029dcc3",
        "type": "github"
      },
      "original": {
        "owner": "nix-community",
        "repo": "home-manager",
        "type": "github"
      }
    },
    "nix-LD": {
      "inputs": {
        "LD-mkdir-src": "LD-mkdir-src",
        "LD-rmdir-src": "LD-rmdir-src",
        "LD-src": "LD-src",
        "nixpkgs": [
          "nixpkgs"
        ]
      },
      "locked": {
        "lastModified": 1754947203,
        "narHash": "sha256-oIQJ0B8hq1hsCjvm63xSHbVXQpGqR3E6OsJInIeJ9F8=",
        "owner": "doubleunix",
        "repo": "nix-LD",
        "rev": "678991dac3de48711eca578e0dc3d93ed0314556",
        "type": "github"
      },
      "original": {
        "owner": "doubleunix",
        "repo": "nix-LD",
        "type": "github"
      }
    },
    "nix-python": {
      "inputs": {
        "nixpkgs": [
          "nixpkgs"
        ]
      },
      "locked": {
        "lastModified": 1754907807,
        "narHash": "sha256-eyE6ecGnAbgSPaOIwyQArANR3T3AccG73jJA0TcGBrY=",
        "owner": "doubleunix",
        "repo": "nix-python",
        "rev": "e7c910991af3206a8fe28f5d115f0eba540d2179",
        "type": "github"
      },
      "original": {
        "owner": "doubleunix",
        "repo": "nix-python",
        "type": "github"
      }
    },
    "nixos-wsl": {
      "inputs": {
        "flake-compat": "flake-compat",
        "nixpkgs": [
          "nixpkgs"
        ]
      },
      "locked": {
        "lastModified": 1755261305,
        "narHash": "sha256-EOqCupB5X5WoGVHVcfOZcqy0SbKWNuY3kq+lj1wHdu8=",
        "owner": "nix-community",
        "repo": "NixOS-WSL",
        "rev": "203a7b463f307c60026136dd1191d9001c43457f",
        "type": "github"
      },
      "original": {
        "owner": "nix-community",
        "repo": "NixOS-WSL",
        "type": "github"
      }
    },
    "nixpkgs": {
      "locked": {
        "lastModified": 1755186698,
        "narHash": "sha256-wNO3+Ks2jZJ4nTHMuks+cxAiVBGNuEBXsT29Bz6HASo=",
        "owner": "NixOS",
        "repo": "nixpkgs",
        "rev": "fbcf476f790d8a217c3eab4e12033dc4a0f6d23c",
        "type": "github"
      },
      "original": {
        "owner": "NixOS",
        "ref": "nixos-unstable",
        "repo": "nixpkgs",
        "type": "github"
      }
    },
    "root": {
      "inputs": {
        "home-manager": "home-manager",
        "nix-LD": "nix-LD",
        "nix-python": "nix-python",
        "nixos-wsl": "nixos-wsl",
        "nixpkgs": "nixpkgs"
      }
    }
  },
  "root": "root",
  "version": 7
}
